
Microsoft Visual Studio Solution File, Format Version 12.00
# Visual Studio Version 17
VisualStudioVersion = 17.5.002.0
MinimumVisualStudioVersion = 10.0.40219.1
Project("{9A19103F-16F7-4668-BE54-9A1E7A4F7556}") = "FacebookTakeoutMetadataScraper", "FacebookTakeoutMetadataScraper.csproj", "{1D9C2181-9B1F-4692-A6B8-7B081E269F9B}"
EndProject
Global
	GlobalSection(SolutionConfigurationPlatforms) = preSolution
		Debug|Any CPU = Debug|Any CPU
		Release|Any CPU = Release|Any CPU
	EndGlobalSection
	GlobalSection(ProjectConfigurationPlatforms) = postSolution
		{1D9C2181-9B1F-4692-A6B8-7B081E269F9B}.Debug|Any CPU.ActiveCfg = Debug|Any CPU
		{1D9C2181-9B1F-4692-A6B8-7B081E269F9B}.Debug|Any CPU.Build.0 = Debug|Any CPU
		{1D9C2181-9B1F-4692-A6B8-7B081E269F9B}.Release|Any CPU.ActiveCfg = Release|Any CPU
		{1D9C2181-9B1F-4692-A6B8-7B081E269F9B}.Release|Any CPU.Build.0 = Release|Any CPU
	EndGlobalSection
	GlobalSection(SolutionProperties) = preSolution
		HideSolutionNode = FALSE
	EndGlobalSection
	GlobalSection(ExtensibilityGlobals) = postSolution
		SolutionGuid = {87FE7941-61DC-4522-874B-948F2C427AF5}
	EndGlobalSection
EndGlobal
